
Microsoft Visual Studio Solution File, Format Version 12.00
# Visual Studio Version 17
VisualStudioVersion = 17.1.32414.318
MinimumVisualStudioVersion = 10.0.40219.1
Project("{FAE04EC0-301F-11D3-BF4B-00C04F79EFBC}") = "LesBlaguesDeFlavio", "LesBlaguesDeFlavio\LesBlaguesDeFlavio.csproj", "{D5308C36-92E8-43CD-9DF8-6033946F6DC4}"
EndProject
Global
	GlobalSection(SolutionConfigurationPlatforms) = preSolution
		Debug|Any CPU = Debug|Any CPU
		Release|Any CPU = Release|Any CPU
	EndGlobalSection
	GlobalSection(ProjectConfigurationPlatforms) = postSolution
		{D5308C36-92E8-43CD-9DF8-6033946F6DC4}.Debug|Any CPU.ActiveCfg = Debug|Any CPU
		{D5308C36-92E8-43CD-9DF8-6033946F6DC4}.Debug|Any CPU.Build.0 = Debug|Any CPU
		{D5308C36-92E8-43CD-9DF8-6033946F6DC4}.Release|Any CPU.ActiveCfg = Release|Any CPU
		{D5308C36-92E8-43CD-9DF8-6033946F6DC4}.Release|Any CPU.Build.0 = Release|Any CPU
	EndGlobalSection
	GlobalSection(SolutionProperties) = preSolution
		HideSolutionNode = FALSE
	EndGlobalSection
	GlobalSection(ExtensibilityGlobals) = postSolution
		SolutionGuid = {92810C67-980E-4391-9173-2FF7286C04EB}
	EndGlobalSection
EndGlobal
